
Microsoft Visual Studio Solution File, Format Version 12.00
# Visual Studio 15
VisualStudioVersion = 15.0.28307.757
MinimumVisualStudioVersion = 10.0.40219.1
Project("{FAE04EC0-301F-11D3-BF4B-00C04F79EFBC}") = "Senai.Filmes.WebApi", "Senai.Filmes.WebApi\Senai.Filmes.WebApi.csproj", "{811A1559-C4CD-4568-814D-570EBE63BC3C}"
EndProject
Global
	GlobalSection(SolutionConfigurationPlatforms) = preSolution
		Debug|Any CPU = Debug|Any CPU
		Release|Any CPU = Release|Any CPU
	EndGlobalSection
	GlobalSection(ProjectConfigurationPlatforms) = postSolution
		{811A1559-C4CD-4568-814D-570EBE63BC3C}.Debug|Any CPU.ActiveCfg = Debug|Any CPU
		{811A1559-C4CD-4568-814D-570EBE63BC3C}.Debug|Any CPU.Build.0 = Debug|Any CPU
		{811A1559-C4CD-4568-814D-570EBE63BC3C}.Release|Any CPU.ActiveCfg = Release|Any CPU
		{811A1559-C4CD-4568-814D-570EBE63BC3C}.Release|Any CPU.Build.0 = Release|Any CPU
	EndGlobalSection
	GlobalSection(SolutionProperties) = preSolution
		HideSolutionNode = FALSE
	EndGlobalSection
	GlobalSection(ExtensibilityGlobals) = postSolution
		SolutionGuid = {D59E2CEE-C20E-448B-9992-AD6F54590B9E}
	EndGlobalSection
EndGlobal
